
Microsoft Visual Studio Solution File, Format Version 12.00
# Visual Studio Version 17
VisualStudioVersion = 17.5.33530.505
MinimumVisualStudioVersion = 10.0.40219.1
Project("{9A19103F-16F7-4668-BE54-9A1E7A4F7556}") = "SequenciaFibonacci", "SequenciaFibonacci\SequenciaFibonacci.csproj", "{1AF07124-147E-45D8-8912-6D71667D77DD}"
EndProject
Project("{9A19103F-16F7-4668-BE54-9A1E7A4F7556}") = "FaturamentoDiario", "FaturamentoDiario\FaturamentoDiario.csproj", "{497FA9A6-523C-4BD1-8C2D-2914E4AE2155}"
EndProject
Project("{9A19103F-16F7-4668-BE54-9A1E7A4F7556}") = "FaturamentoMensal", "FaturamentoMensal\FaturamentoMensal.csproj", "{39EED627-8534-4F22-91F0-2A27F879F348}"
EndProject
Project("{FAE04EC0-301F-11D3-BF4B-00C04F79EFBC}") = "Reverse", "Reverse\Reverse.csproj", "{C3BCC251-07F0-44DD-8019-5E79802240BB}"
EndProject
Global
	GlobalSection(SolutionConfigurationPlatforms) = preSolution
		Debug|Any CPU = Debug|Any CPU
		Release|Any CPU = Release|Any CPU
	EndGlobalSection
	GlobalSection(ProjectConfigurationPlatforms) = postSolution
		{1AF07124-147E-45D8-8912-6D71667D77DD}.Debug|Any CPU.ActiveCfg = Debug|Any CPU
		{1AF07124-147E-45D8-8912-6D71667D77DD}.Debug|Any CPU.Build.0 = Debug|Any CPU
		{1AF07124-147E-45D8-8912-6D71667D77DD}.Release|Any CPU.ActiveCfg = Release|Any CPU
		{1AF07124-147E-45D8-8912-6D71667D77DD}.Release|Any CPU.Build.0 = Release|Any CPU
		{497FA9A6-523C-4BD1-8C2D-2914E4AE2155}.Debug|Any CPU.ActiveCfg = Debug|Any CPU
		{497FA9A6-523C-4BD1-8C2D-2914E4AE2155}.Debug|Any CPU.Build.0 = Debug|Any CPU
		{497FA9A6-523C-4BD1-8C2D-2914E4AE2155}.Release|Any CPU.ActiveCfg = Release|Any CPU
		{497FA9A6-523C-4BD1-8C2D-2914E4AE2155}.Release|Any CPU.Build.0 = Release|Any CPU
		{39EED627-8534-4F22-91F0-2A27F879F348}.Debug|Any CPU.ActiveCfg = Debug|Any CPU
		{39EED627-8534-4F22-91F0-2A27F879F348}.Debug|Any CPU.Build.0 = Debug|Any CPU
		{39EED627-8534-4F22-91F0-2A27F879F348}.Release|Any CPU.ActiveCfg = Release|Any CPU
		{39EED627-8534-4F22-91F0-2A27F879F348}.Release|Any CPU.Build.0 = Release|Any CPU
		{C3BCC251-07F0-44DD-8019-5E79802240BB}.Debug|Any CPU.ActiveCfg = Debug|Any CPU
		{C3BCC251-07F0-44DD-8019-5E79802240BB}.Debug|Any CPU.Build.0 = Debug|Any CPU
		{C3BCC251-07F0-44DD-8019-5E79802240BB}.Release|Any CPU.ActiveCfg = Release|Any CPU
		{C3BCC251-07F0-44DD-8019-5E79802240BB}.Release|Any CPU.Build.0 = Release|Any CPU
	EndGlobalSection
	GlobalSection(SolutionProperties) = preSolution
		HideSolutionNode = FALSE
	EndGlobalSection
	GlobalSection(ExtensibilityGlobals) = postSolution
		SolutionGuid = {F213F1CD-FD80-4BFA-AB49-9D06919EF79C}
	EndGlobalSection
EndGlobal
